
Microsoft Visual Studio Solution File, Format Version 12.00
# Visual Studio Version 16
VisualStudioVersion = 16.0.29020.237
MinimumVisualStudioVersion = 10.0.40219.1
Project("{FAE04EC0-301F-11D3-BF4B-00C04F79EFBC}") = "switch", "switch\switch.csproj", "{1010C288-1F2B-488D-9F2C-4AE92C0518B7}"
EndProject
Project("{FAE04EC0-301F-11D3-BF4B-00C04F79EFBC}") = "ifelse", "ifelse\ifelse.csproj", "{BB26867E-E899-4421-B124-3EA5D9B68281}"
EndProject
Global
	GlobalSection(SolutionConfigurationPlatforms) = preSolution
		Debug|Any CPU = Debug|Any CPU
		Release|Any CPU = Release|Any CPU
	EndGlobalSection
	GlobalSection(ProjectConfigurationPlatforms) = postSolution
		{1010C288-1F2B-488D-9F2C-4AE92C0518B7}.Debug|Any CPU.ActiveCfg = Debug|Any CPU
		{1010C288-1F2B-488D-9F2C-4AE92C0518B7}.Debug|Any CPU.Build.0 = Debug|Any CPU
		{1010C288-1F2B-488D-9F2C-4AE92C0518B7}.Release|Any CPU.ActiveCfg = Release|Any CPU
		{1010C288-1F2B-488D-9F2C-4AE92C0518B7}.Release|Any CPU.Build.0 = Release|Any CPU
		{BB26867E-E899-4421-B124-3EA5D9B68281}.Debug|Any CPU.ActiveCfg = Debug|Any CPU
		{BB26867E-E899-4421-B124-3EA5D9B68281}.Debug|Any CPU.Build.0 = Debug|Any CPU
		{BB26867E-E899-4421-B124-3EA5D9B68281}.Release|Any CPU.ActiveCfg = Release|Any CPU
		{BB26867E-E899-4421-B124-3EA5D9B68281}.Release|Any CPU.Build.0 = Release|Any CPU
	EndGlobalSection
	GlobalSection(SolutionProperties) = preSolution
		HideSolutionNode = FALSE
	EndGlobalSection
	GlobalSection(ExtensibilityGlobals) = postSolution
		SolutionGuid = {79C290CA-0CD6-4BAB-849B-5630F063BDB4}
	EndGlobalSection
EndGlobal
