
Microsoft Visual Studio Solution File, Format Version 12.00
# Visual Studio Version 16
VisualStudioVersion = 16.0.29102.190
MinimumVisualStudioVersion = 10.0.40219.1
Project("{FAE04EC0-301F-11D3-BF4B-00C04F79EFBC}") = "OutlookInboxHandler", "OutlookInboxHandler\OutlookInboxHandler.csproj", "{38C28BFF-5493-472B-A8A9-531C3827DF64}"
EndProject
Global
	GlobalSection(SolutionConfigurationPlatforms) = preSolution
		Debug|Any CPU = Debug|Any CPU
		Release|Any CPU = Release|Any CPU
	EndGlobalSection
	GlobalSection(ProjectConfigurationPlatforms) = postSolution
		{38C28BFF-5493-472B-A8A9-531C3827DF64}.Debug|Any CPU.ActiveCfg = Debug|Any CPU
		{38C28BFF-5493-472B-A8A9-531C3827DF64}.Debug|Any CPU.Build.0 = Debug|Any CPU
		{38C28BFF-5493-472B-A8A9-531C3827DF64}.Release|Any CPU.ActiveCfg = Release|Any CPU
		{38C28BFF-5493-472B-A8A9-531C3827DF64}.Release|Any CPU.Build.0 = Release|Any CPU
	EndGlobalSection
	GlobalSection(SolutionProperties) = preSolution
		HideSolutionNode = FALSE
	EndGlobalSection
	GlobalSection(ExtensibilityGlobals) = postSolution
		SolutionGuid = {A0E14B02-5598-4368-99C9-FADB98948A17}
	EndGlobalSection
EndGlobal
