
Microsoft Visual Studio Solution File, Format Version 12.00
# Visual Studio Version 16
VisualStudioVersion = 16.0.29020.237
MinimumVisualStudioVersion = 10.0.40219.1
Project("{FAE04EC0-301F-11D3-BF4B-00C04F79EFBC}") = "averagearithmetic", "averagearithmetic\averagearithmetic.csproj", "{AD1871B9-B254-47F2-97DC-DBB24CE4DEF1}"
EndProject
Project("{FAE04EC0-301F-11D3-BF4B-00C04F79EFBC}") = "3numbers", "3numbers\3numbers.csproj", "{969B3E36-128C-4F17-83FB-E9D077B510AB}"
EndProject
Project("{FAE04EC0-301F-11D3-BF4B-00C04F79EFBC}") = "CurrencyConverter", "CurrencyConverter\CurrencyConverter.csproj", "{A1E696FB-E8A8-470A-ACFB-E027F1865B5C}"
EndProject
Global
	GlobalSection(SolutionConfigurationPlatforms) = preSolution
		Debug|Any CPU = Debug|Any CPU
		Release|Any CPU = Release|Any CPU
	EndGlobalSection
	GlobalSection(ProjectConfigurationPlatforms) = postSolution
		{AD1871B9-B254-47F2-97DC-DBB24CE4DEF1}.Debug|Any CPU.ActiveCfg = Debug|Any CPU
		{AD1871B9-B254-47F2-97DC-DBB24CE4DEF1}.Debug|Any CPU.Build.0 = Debug|Any CPU
		{AD1871B9-B254-47F2-97DC-DBB24CE4DEF1}.Release|Any CPU.ActiveCfg = Release|Any CPU
		{AD1871B9-B254-47F2-97DC-DBB24CE4DEF1}.Release|Any CPU.Build.0 = Release|Any CPU
		{969B3E36-128C-4F17-83FB-E9D077B510AB}.Debug|Any CPU.ActiveCfg = Debug|Any CPU
		{969B3E36-128C-4F17-83FB-E9D077B510AB}.Debug|Any CPU.Build.0 = Debug|Any CPU
		{969B3E36-128C-4F17-83FB-E9D077B510AB}.Release|Any CPU.ActiveCfg = Release|Any CPU
		{969B3E36-128C-4F17-83FB-E9D077B510AB}.Release|Any CPU.Build.0 = Release|Any CPU
		{A1E696FB-E8A8-470A-ACFB-E027F1865B5C}.Debug|Any CPU.ActiveCfg = Debug|Any CPU
		{A1E696FB-E8A8-470A-ACFB-E027F1865B5C}.Debug|Any CPU.Build.0 = Debug|Any CPU
		{A1E696FB-E8A8-470A-ACFB-E027F1865B5C}.Release|Any CPU.ActiveCfg = Release|Any CPU
		{A1E696FB-E8A8-470A-ACFB-E027F1865B5C}.Release|Any CPU.Build.0 = Release|Any CPU
	EndGlobalSection
	GlobalSection(SolutionProperties) = preSolution
		HideSolutionNode = FALSE
	EndGlobalSection
	GlobalSection(ExtensibilityGlobals) = postSolution
		SolutionGuid = {E315B03E-8354-450E-92C6-1446726A6710}
	EndGlobalSection
EndGlobal
