
Microsoft Visual Studio Solution File, Format Version 12.00
# Visual Studio Version 16
VisualStudioVersion = 16.0.29020.237
MinimumVisualStudioVersion = 10.0.40219.1
Project("{FAE04EC0-301F-11D3-BF4B-00C04F79EFBC}") = "dz2", "dz2\dz2.csproj", "{484D7C5F-C6C2-42FF-B9BB-77C975837823}"
EndProject
Global
	GlobalSection(SolutionConfigurationPlatforms) = preSolution
		Debug|Any CPU = Debug|Any CPU
		Release|Any CPU = Release|Any CPU
	EndGlobalSection
	GlobalSection(ProjectConfigurationPlatforms) = postSolution
		{484D7C5F-C6C2-42FF-B9BB-77C975837823}.Debug|Any CPU.ActiveCfg = Debug|Any CPU
		{484D7C5F-C6C2-42FF-B9BB-77C975837823}.Debug|Any CPU.Build.0 = Debug|Any CPU
		{484D7C5F-C6C2-42FF-B9BB-77C975837823}.Release|Any CPU.ActiveCfg = Release|Any CPU
		{484D7C5F-C6C2-42FF-B9BB-77C975837823}.Release|Any CPU.Build.0 = Release|Any CPU
	EndGlobalSection
	GlobalSection(SolutionProperties) = preSolution
		HideSolutionNode = FALSE
	EndGlobalSection
	GlobalSection(ExtensibilityGlobals) = postSolution
		SolutionGuid = {3A5BD7A8-7CA4-48C4-BDB2-90D031F30EBE}
	EndGlobalSection
EndGlobal
