
Microsoft Visual Studio Solution File, Format Version 12.00
# Visual Studio Version 16
VisualStudioVersion = 16.0.29009.5
MinimumVisualStudioVersion = 10.0.40219.1
Project("{FAE04EC0-301F-11D3-BF4B-00C04F79EFBC}") = "operators", "operators\operators.csproj", "{C39A898C-54EF-4630-8A7C-671494A55BA7}"
EndProject
Global
	GlobalSection(SolutionConfigurationPlatforms) = preSolution
		Debug|Any CPU = Debug|Any CPU
		Release|Any CPU = Release|Any CPU
	EndGlobalSection
	GlobalSection(ProjectConfigurationPlatforms) = postSolution
		{C39A898C-54EF-4630-8A7C-671494A55BA7}.Debug|Any CPU.ActiveCfg = Debug|Any CPU
		{C39A898C-54EF-4630-8A7C-671494A55BA7}.Debug|Any CPU.Build.0 = Debug|Any CPU
		{C39A898C-54EF-4630-8A7C-671494A55BA7}.Release|Any CPU.ActiveCfg = Release|Any CPU
		{C39A898C-54EF-4630-8A7C-671494A55BA7}.Release|Any CPU.Build.0 = Release|Any CPU
	EndGlobalSection
	GlobalSection(SolutionProperties) = preSolution
		HideSolutionNode = FALSE
	EndGlobalSection
	GlobalSection(ExtensibilityGlobals) = postSolution
		SolutionGuid = {1117B87F-0685-4300-BFD2-6158298C392E}
	EndGlobalSection
EndGlobal
