
Microsoft Visual Studio Solution File, Format Version 12.00
# Visual Studio Version 16
VisualStudioVersion = 16.0.29102.190
MinimumVisualStudioVersion = 10.0.40219.1
Project("{FAE04EC0-301F-11D3-BF4B-00C04F79EFBC}") = "metanit-pr1.1.5", "metanit-pr1.1.5\metanit-pr1.1.5.csproj", "{38F01DD2-E489-49C5-AD52-6CD6557221A8}"
EndProject
Global
	GlobalSection(SolutionConfigurationPlatforms) = preSolution
		Debug|Any CPU = Debug|Any CPU
		Release|Any CPU = Release|Any CPU
	EndGlobalSection
	GlobalSection(ProjectConfigurationPlatforms) = postSolution
		{38F01DD2-E489-49C5-AD52-6CD6557221A8}.Debug|Any CPU.ActiveCfg = Debug|Any CPU
		{38F01DD2-E489-49C5-AD52-6CD6557221A8}.Debug|Any CPU.Build.0 = Debug|Any CPU
		{38F01DD2-E489-49C5-AD52-6CD6557221A8}.Release|Any CPU.ActiveCfg = Release|Any CPU
		{38F01DD2-E489-49C5-AD52-6CD6557221A8}.Release|Any CPU.Build.0 = Release|Any CPU
	EndGlobalSection
	GlobalSection(SolutionProperties) = preSolution
		HideSolutionNode = FALSE
	EndGlobalSection
	GlobalSection(ExtensibilityGlobals) = postSolution
		SolutionGuid = {8E4D2ABB-806B-4D6A-9389-92D8239CB9DE}
	EndGlobalSection
EndGlobal
