
Microsoft Visual Studio Solution File, Format Version 12.00
# Visual Studio Version 16
VisualStudioVersion = 16.0.29102.190
MinimumVisualStudioVersion = 10.0.40219.1
Project("{FAE04EC0-301F-11D3-BF4B-00C04F79EFBC}") = "metanit-pr1.1.6", "metanit-pr1.1.6\metanit-pr1.1.6.csproj", "{E9DF8811-730C-4CEB-AFF3-750B2486572F}"
EndProject
Global
	GlobalSection(SolutionConfigurationPlatforms) = preSolution
		Debug|Any CPU = Debug|Any CPU
		Release|Any CPU = Release|Any CPU
	EndGlobalSection
	GlobalSection(ProjectConfigurationPlatforms) = postSolution
		{E9DF8811-730C-4CEB-AFF3-750B2486572F}.Debug|Any CPU.ActiveCfg = Debug|Any CPU
		{E9DF8811-730C-4CEB-AFF3-750B2486572F}.Debug|Any CPU.Build.0 = Debug|Any CPU
		{E9DF8811-730C-4CEB-AFF3-750B2486572F}.Release|Any CPU.ActiveCfg = Release|Any CPU
		{E9DF8811-730C-4CEB-AFF3-750B2486572F}.Release|Any CPU.Build.0 = Release|Any CPU
	EndGlobalSection
	GlobalSection(SolutionProperties) = preSolution
		HideSolutionNode = FALSE
	EndGlobalSection
	GlobalSection(ExtensibilityGlobals) = postSolution
		SolutionGuid = {6107D9FB-F18D-4E62-B4C9-F5EABC8CAEF6}
	EndGlobalSection
EndGlobal
